// !$*UTF8*$!
{
	archiveVersion = 1;
	classes = {
	};
	objectVersion = 50;
	objects = {

/* Begin PBXBuildFile section */
		D356C1A424A25E4B00D4DFE8 /* AppDelegate.swift in Sources */ = {isa = PBXBuildFile; fileRef = D356C1A324A25E4B00D4DFE8 /* AppDelegate.swift */; };
		D356C1A624A25E4B00D4DFE8 /* SceneDelegate.swift in Sources */ = {isa = PBXBuildFile; fileRef = D356C1A524A25E4B00D4DFE8 /* SceneDelegate.swift */; };
		D356C1A824A25E4B00D4DFE8 /* ViewController.swift in Sources */ = {isa = PBXBuildFile; fileRef = D356C1A724A25E4B00D4DFE8 /* ViewController.swift */; };
		D356C1AB24A25E4B00D4DFE8 /* Main.storyboard in Resources */ = {isa = PBXBuildFile; fileRef = D356C1A924A25E4B00D4DFE8 /* Main.storyboard */; };
		D356C1AE24A25E4B00D4DFE8 /* BrianSWriteToTextFile.xcdatamodeld in Sources */ = {isa = PBXBuildFile; fileRef = D356C1AC24A25E4B00D4DFE8 /* BrianSWriteToTextFile.xcdatamodeld */; };
		D356C1B024A25E4B00D4DFE8 /* Assets.xcassets in Resources */ = {isa = PBXBuildFile; fileRef = D356C1AF24A25E4B00D4DFE8 /* Assets.xcassets */; };
		D356C1B324A25E4B00D4DFE8 /* LaunchScreen.storyboard in Resources */ = {isa = PBXBuildFile; fileRef = D356C1B124A25E4B00D4DFE8 /* LaunchScreen.storyboard */; };
/* End PBXBuildFile section */

/* Begin PBXFileReference section */
		D356C1A024A25E4B00D4DFE8 /* BrianSWriteToTextFile.app */ = {isa = PBXFileReference; explicitFileType = wrapper.application; includeInIndex = 0; path = BrianSWriteToTextFile.app; sourceTree = BUILT_PRODUCTS_DIR; };
		D356C1A324A25E4B00D4DFE8 /* AppDelegate.swift */ = {isa = PBXFileReference; lastKnownFileType = sourcecode.swift; path = AppDelegate.swift; sourceTree = "<group>"; };
		D356C1A524A25E4B00D4DFE8 /* SceneDelegate.swift */ = {isa = PBXFileReference; lastKnownFileType = sourcecode.swift; path = SceneDelegate.swift; sourceTree = "<group>"; };
		D356C1A724A25E4B00D4DFE8 /* ViewController.swift */ = {isa = PBXFileReference; lastKnownFileType = sourcecode.swift; path = ViewController.swift; sourceTree = "<group>"; };
		D356C1AA24A25E4B00D4DFE8 /* Base */ = {isa = PBXFileReference; lastKnownFileType = file.storyboard; name = Base; path = Base.lproj/Main.storyboard; sourceTree = "<group>"; };
		D356C1AD24A25E4B00D4DFE8 /* BrianSWriteToTextFile.xcdatamodel */ = {isa = PBXFileReference; lastKnownFileType = wrapper.xcdatamodel; path = BrianSWriteToTextFile.xcdatamodel; sourceTree = "<group>"; };
		D356C1AF24A25E4B00D4DFE8 /* Assets.xcassets */ = {isa = PBXFileReference; lastKnownFileType = folder.assetcatalog; path = Assets.xcassets; sourceTree = "<group>"; };
		D356C1B224A25E4B00D4DFE8 /* Base */ = {isa = PBXFileReference; lastKnownFileType = file.storyboard; name = Base; path = Base.lproj/LaunchScreen.storyboard; sourceTree = "<group>"; };
		D356C1B424A25E4B00D4DFE8 /* Info.plist */ = {isa = PBXFileReference; lastKnownFileType = text.plist.xml; path = Info.plist; sourceTree = "<group>"; };
/* End PBXFileReference section */

/* Begin PBXFrameworksBuildPhase section */
		D356C19D24A25E4B00D4DFE8 /* Frameworks */ = {
			isa = PBXFrameworksBuildPhase;
			buildActionMask = 2147483647;
			files = (
			);
			runOnlyForDeploymentPostprocessing = 0;
		};
/* End PBXFrameworksBuildPhase section */

/* Begin PBXGroup section */
		D356C19724A25E4B00D4DFE8 = {
			isa = PBXGroup;
			children = (
				D356C1A224A25E4B00D4DFE8 /* BrianSWriteToTextFile */,
				D356C1A124A25E4B00D4DFE8 /* Products */,
			);
			sourceTree = "<group>";
		};
		D356C1A124A25E4B00D4DFE8 /* Products */ = {
			isa = PBXGroup;
			children = (
				D356C1A024A25E4B00D4DFE8 /* BrianSWriteToTextFile.app */,
			);
			name = Products;
			sourceTree = "<group>";
		};
		D356C1A224A25E4B00D4DFE8 /* BrianSWriteToTextFile */ = {
			isa = PBXGroup;
			children = (
				D356C1A324A25E4B00D4DFE8 /* AppDelegate.swift */,
				D356C1A524A25E4B00D4DFE8 /* SceneDelegate.swift */,
				D356C1A724A25E4B00D4DFE8 /* ViewController.swift */,
				D356C1A924A25E4B00D4DFE8 /* Main.storyboard */,
				D356C1AF24A25E4B00D4DFE8 /* Assets.xcassets */,
				D356C1B124A25E4B00D4DFE8 /* LaunchScreen.storyboard */,
				D356C1B424A25E4B00D4DFE8 /* Info.plist */,
				D356C1AC24A25E4B00D4DFE8 /* BrianSWriteToTextFile.xcdatamodeld */,
			);
			path = BrianSWriteToTextFile;
			sourceTree = "<group>";
		};
/* End PBXGroup section */

/* Begin PBXNativeTarget section */
		D356C19F24A25E4B00D4DFE8 /* BrianSWriteToTextFile */ = {
			isa = PBXNativeTarget;
			buildConfigurationList = D356C1B724A25E4B00D4DFE8 /* Build configuration list for PBXNativeTarget "BrianSWriteToTextFile" */;
			buildPhases = (
				D356C19C24A25E4B00D4DFE8 /* Sources */,
				D356C19D24A25E4B00D4DFE8 /* Frameworks */,
				D356C19E24A25E4B00D4DFE8 /* Resources */,
			);
			buildRules = (
			);
			dependencies = (
			);
			name = BrianSWriteToTextFile;
			productName = BrianSWriteToTextFile;
			productReference = D356C1A024A25E4B00D4DFE8 /* BrianSWriteToTextFile.app */;
			productType = "com.apple.product-type.application";
		};
/* End PBXNativeTarget section */

/* Begin PBXProject section */
		D356C19824A25E4B00D4DFE8 /* Project object */ = {
			isa = PBXProject;
			attributes = {
				LastSwiftUpdateCheck = 1140;
				LastUpgradeCheck = 1140;
				ORGANIZATIONNAME = clc.seaver;
				TargetAttributes = {
					D356C19F24A25E4B00D4DFE8 = {
						CreatedOnToolsVersion = 11.4;
					};
				};
			};
			buildConfigurationList = D356C19B24A25E4B00D4DFE8 /* Build configuration list for PBXProject "BrianSWriteToTextFile" */;
			compatibilityVersion = "Xcode 9.3";
			developmentRegion = en;
			hasScannedForEncodings = 0;
			knownRegions = (
				en,
				Base,
			);
			mainGroup = D356C19724A25E4B00D4DFE8;
			productRefGroup = D356C1A124A25E4B00D4DFE8 /* Products */;
			projectDirPath = "";
			projectRoot = "";
			targets = (
				D356C19F24A25E4B00D4DFE8 /* BrianSWriteToTextFile */,
			);
		};
/* End PBXProject section */

/* Begin PBXResourcesBuildPhase section */
		D356C19E24A25E4B00D4DFE8 /* Resources */ = {
			isa = PBXResourcesBuildPhase;
			buildActionMask = 2147483647;
			files = (
				D356C1B324A25E4B00D4DFE8 /* LaunchScreen.storyboard in Resources */,
				D356C1B024A25E4B00D4DFE8 /* Assets.xcassets in Resources */,
				D356C1AB24A25E4B00D4DFE8 /* Main.storyboard in Resources */,
			);
			runOnlyForDeploymentPostprocessing = 0;
		};
/* End PBXResourcesBuildPhase section */

/* Begin PBXSourcesBuildPhase section */
		D356C19C24A25E4B00D4DFE8 /* Sources */ = {
			isa = PBXSourcesBuildPhase;
			buildActionMask = 2147483647;
			files = (
				D356C1AE24A25E4B00D4DFE8 /* BrianSWriteToTextFile.xcdatamodeld in Sources */,
				D356C1A824A25E4B00D4DFE8 /* ViewController.swift in Sources */,
				D356C1A424A25E4B00D4DFE8 /* AppDelegate.swift in Sources */,
				D356C1A624A25E4B00D4DFE8 /* SceneDelegate.swift in Sources */,
			);
			runOnlyForDeploymentPostprocessing = 0;
		};
/* End PBXSourcesBuildPhase section */

/* Begin PBXVariantGroup section */
		D356C1A924A25E4B00D4DFE8 /* Main.storyboard */ = {
			isa = PBXVariantGroup;
			children = (
				D356C1AA24A25E4B00D4DFE8 /* Base */,
			);
			name = Main.storyboard;
			sourceTree = "<group>";
		};
		D356C1B124A25E4B00D4DFE8 /* LaunchScreen.storyboard */ = {
			isa = PBXVariantGroup;
			children = (
				D356C1B224A25E4B00D4DFE8 /* Base */,
			);
			name = LaunchScreen.storyboard;
			sourceTree = "<group>";
		};
/* End PBXVariantGroup section */

/* Begin XCBuildConfiguration section */
		D356C1B524A25E4B00D4DFE8 /* Debug */ = {
			isa = XCBuildConfiguration;
			buildSettings = {
				ALWAYS_SEARCH_USER_PATHS = NO;
				CLANG_ANALYZER_NONNULL = YES;
				CLANG_ANALYZER_NUMBER_OBJECT_CONVERSION = YES_AGGRESSIVE;
				CLANG_CXX_LANGUAGE_STANDARD = "gnu++14";
				CLANG_CXX_LIBRARY = "libc++";
				CLANG_ENABLE_MODULES = YES;
				CLANG_ENABLE_OBJC_ARC = YES;
				CLANG_ENABLE_OBJC_WEAK = YES;
				CLANG_WARN_BLOCK_CAPTURE_AUTORELEASING = YES;
				CLANG_WARN_BOOL_CONVERSION = YES;
				CLANG_WARN_COMMA = YES;
				CLANG_WARN_CONSTANT_CONVERSION = YES;
				CLANG_WARN_DEPRECATED_OBJC_IMPLEMENTATIONS = YES;
				CLANG_WARN_DIRECT_OBJC_ISA_USAGE = YES_ERROR;
				CLANG_WARN_DOCUMENTATION_COMMENTS = YES;
				CLANG_WARN_EMPTY_BODY = YES;
				CLANG_WARN_ENUM_CONVERSION = YES;
				CLANG_WARN_INFINITE_RECURSION = YES;
				CLANG_WARN_INT_CONVERSION = YES;
				CLANG_WARN_NON_LITERAL_NULL_CONVERSION = YES;
				CLANG_WARN_OBJC_IMPLICIT_RETAIN_SELF = YES;
				CLANG_WARN_OBJC_LITERAL_CONVERSION = YES;
				CLANG_WARN_OBJC_ROOT_CLASS = YES_ERROR;
				CLANG_WARN_RANGE_LOOP_ANALYSIS = YES;
				CLANG_WARN_STRICT_PROTOTYPES = YES;
				CLANG_WARN_SUSPICIOUS_MOVE = YES;
				CLANG_WARN_UNGUARDED_AVAILABILITY = YES_AGGRESSIVE;
				CLANG_WARN_UNREACHABLE_CODE = YES;
				CLANG_WARN__DUPLICATE_METHOD_MATCH = YES;
				COPY_PHASE_STRIP = NO;
				DEBUG_INFORMATION_FORMAT = dwarf;
				ENABLE_STRICT_OBJC_MSGSEND = YES;
				ENABLE_TESTABILITY = YES;
				GCC_C_LANGUAGE_STANDARD = gnu11;
				GCC_DYNAMIC_NO_PIC = NO;
				GCC_NO_COMMON_BLOCKS = YES;
				GCC_OPTIMIZATION_LEVEL = 0;
				GCC_PREPROCESSOR_DEFINITIONS = (
					"DEBUG=1",
					"$(inherited)",
				);
				GCC_WARN_64_TO_32_BIT_CONVERSION = YES;
				GCC_WARN_ABOUT_RETURN_TYPE = YES_ERROR;
				GCC_WARN_UNDECLARED_SELECTOR = YES;
				GCC_WARN_UNINITIALIZED_AUTOS = YES_AGGRESSIVE;
				GCC_WARN_UNUSED_FUNCTION = YES;
				GCC_WARN_UNUSED_VARIABLE = YES;
				IPHONEOS_DEPLOYMENT_TARGET = 13.4;
				MTL_ENABLE_DEBUG_INFO = INCLUDE_SOURCE;
				MTL_FAST_MATH = YES;
				ONLY_ACTIVE_ARCH = YES;
				SDKROOT = iphoneos;
				SWIFT_ACTIVE_COMPILATION_CONDITIONS = DEBUG;
				SWIFT_OPTIMIZATION_LEVEL = "-Onone";
			};
			name = Debug;
		};
		D356C1B624A25E4B00D4DFE8 /* Release */ = {
			isa = XCBuildConfiguration;
			buildSettings = {
				ALWAYS_SEARCH_USER_PATHS = NO;
				CLANG_ANALYZER_NONNULL = YES;
				CLANG_ANALYZER_NUMBER_OBJECT_CONVERSION = YES_AGGRESSIVE;
				CLANG_CXX_LANGUAGE_STANDARD = "gnu++14";
				CLANG_CXX_LIBRARY = "libc++";
				CLANG_ENABLE_MODULES = YES;
				CLANG_ENABLE_OBJC_ARC = YES;
				CLANG_ENABLE_OBJC_WEAK = YES;
				CLANG_WARN_BLOCK_CAPTURE_AUTORELEASING = YES;
				CLANG_WARN_BOOL_CONVERSION = YES;
				CLANG_WARN_COMMA = YES;
				CLANG_WARN_CONSTANT_CONVERSION = YES;
				CLANG_WARN_DEPRECATED_OBJC_IMPLEMENTATIONS = YES;
				CLANG_WARN_DIRECT_OBJC_ISA_USAGE = YES_ERROR;
				CLANG_WARN_DOCUMENTATION_COMMENTS = YES;
				CLANG_WARN_EMPTY_BODY = YES;
				CLANG_WARN_ENUM_CONVERSION = YES;
				CLANG_WARN_INFINITE_RECURSION = YES;
				CLANG_WARN_INT_CONVERSION = YES;
				CLANG_WARN_NON_LITERAL_NULL_CONVERSION = YES;
				CLANG_WARN_OBJC_IMPLICIT_RETAIN_SELF = YES;
				CLANG_WARN_OBJC_LITERAL_CONVERSION = YES;
				CLANG_WARN_OBJC_ROOT_CLASS = YES_ERROR;
				CLANG_WARN_RANGE_LOOP_ANALYSIS = YES;
				CLANG_WARN_STRICT_PROTOTYPES = YES;
				CLANG_WARN_SUSPICIOUS_MOVE = YES;
				CLANG_WARN_UNGUARDED_AVAILABILITY = YES_AGGRESSIVE;
				CLANG_WARN_UNREACHABLE_CODE = YES;
				CLANG_WARN__DUPLICATE_METHOD_MATCH = YES;
				COPY_PHASE_STRIP = NO;
				DEBUG_INFORMATION_FORMAT = "dwarf-with-dsym";
				ENABLE_NS_ASSERTIONS = NO;
				ENABLE_STRICT_OBJC_MSGSEND = YES;
				GCC_C_LANGUAGE_STANDARD = gnu11;
				GCC_NO_COMMON_BLOCKS = YES;
				GCC_WARN_64_TO_32_BIT_CONVERSION = YES;
				GCC_WARN_ABOUT_RETURN_TYPE = YES_ERROR;
				GCC_WARN_UNDECLARED_SELECTOR = YES;
				GCC_WARN_UNINITIALIZED_AUTOS = YES_AGGRESSIVE;
				GCC_WARN_UNUSED_FUNCTION = YES;
				GCC_WARN_UNUSED_VARIABLE = YES;
				IPHONEOS_DEPLOYMENT_TARGET = 13.4;
				MTL_ENABLE_DEBUG_INFO = NO;
				MTL_FAST_MATH = YES;
				SDKROOT = iphoneos;
				SWIFT_COMPILATION_MODE = wholemodule;
				SWIFT_OPTIMIZATION_LEVEL = "-O";
				VALIDATE_PRODUCT = YES;
			};
			name = Release;
		};
		D356C1B824A25E4B00D4DFE8 /* Debug */ = {
			isa = XCBuildConfiguration;
			buildSettings = {
				ASSETCATALOG_COMPILER_APPICON_NAME = AppIcon;
				CODE_SIGN_STYLE = Automatic;
				DEVELOPMENT_TEAM = S22H3YR676;
				INFOPLIST_FILE = BrianSWriteToTextFile/Info.plist;
				LD_RUNPATH_SEARCH_PATHS = (
					"$(inherited)",
					"@executable_path/Frameworks",
				);
				PRODUCT_BUNDLE_IDENTIFIER = clc.BrianSWriteToTextFile;
				PRODUCT_NAME = "$(TARGET_NAME)";
				SWIFT_VERSION = 5.0;
				TARGETED_DEVICE_FAMILY = "1,2";
			};
			name = Debug;
		};
		D356C1B924A25E4B00D4DFE8 /* Release */ = {
			isa = XCBuildConfiguration;
			buildSettings = {
				ASSETCATALOG_COMPILER_APPICON_NAME = AppIcon;
				CODE_SIGN_STYLE = Automatic;
				DEVELOPMENT_TEAM = S22H3YR676;
				INFOPLIST_FILE = BrianSWriteToTextFile/Info.plist;
				LD_RUNPATH_SEARCH_PATHS = (
					"$(inherited)",
					"@executable_path/Frameworks",
				);
				PRODUCT_BUNDLE_IDENTIFIER = clc.BrianSWriteToTextFile;
				PRODUCT_NAME = "$(TARGET_NAME)";
				SWIFT_VERSION = 5.0;
				TARGETED_DEVICE_FAMILY = "1,2";
			};
			name = Release;
		};
/* End XCBuildConfiguration section */

/* Begin XCConfigurationList section */
		D356C19B24A25E4B00D4DFE8 /* Build configuration list for PBXProject "BrianSWriteToTextFile" */ = {
			isa = XCConfigurationList;
			buildConfigurations = (
				D356C1B524A25E4B00D4DFE8 /* Debug */,
				D356C1B624A25E4B00D4DFE8 /* Release */,
			);
			defaultConfigurationIsVisible = 0;
			defaultConfigurationName = Release;
		};
		D356C1B724A25E4B00D4DFE8 /* Build configuration list for PBXNativeTarget "BrianSWriteToTextFile" */ = {
			isa = XCConfigurationList;
			buildConfigurations = (
				D356C1B824A25E4B00D4DFE8 /* Debug */,
				D356C1B924A25E4B00D4DFE8 /* Release */,
			);
			defaultConfigurationIsVisible = 0;
			defaultConfigurationName = Release;
		};
/* End XCConfigurationList section */

/* Begin XCVersionGroup section */
		D356C1AC24A25E4B00D4DFE8 /* BrianSWriteToTextFile.xcdatamodeld */ = {
			isa = XCVersionGroup;
			children = (
				D356C1AD24A25E4B00D4DFE8 /* BrianSWriteToTextFile.xcdatamodel */,
			);
			currentVersion = D356C1AD24A25E4B00D4DFE8 /* BrianSWriteToTextFile.xcdatamodel */;
			path = BrianSWriteToTextFile.xcdatamodeld;
			sourceTree = "<group>";
			versionGroupType = wrapper.xcdatamodel;
		};
/* End XCVersionGroup section */
	};
	rootObject = D356C19824A25E4B00D4DFE8 /* Project object */;
}
